
Microsoft Visual Studio Solution File, Format Version 12.00
# Visual Studio Version 16
VisualStudioVersion = 16.0.29905.134
MinimumVisualStudioVersion = 10.0.40219.1
Project("{FAE04EC0-301F-11D3-BF4B-00C04F79EFBC}") = "APIClass", "APIClass\APIClass.csproj", "{C225477C-F24E-4D22-A1EF-7A8164E8F7F6}"
EndProject
Project("{FAE04EC0-301F-11D3-BF4B-00C04F79EFBC}") = "APITest", "APITest\APITest.csproj", "{338EAA23-9752-4E8F-BBF4-F7B20BC382DD}"
EndProject
Global
	GlobalSection(SolutionConfigurationPlatforms) = preSolution
		Debug|Any CPU = Debug|Any CPU
		Release|Any CPU = Release|Any CPU
	EndGlobalSection
	GlobalSection(ProjectConfigurationPlatforms) = postSolution
		{C225477C-F24E-4D22-A1EF-7A8164E8F7F6}.Debug|Any CPU.ActiveCfg = Debug|Any CPU
		{C225477C-F24E-4D22-A1EF-7A8164E8F7F6}.Debug|Any CPU.Build.0 = Debug|Any CPU
		{C225477C-F24E-4D22-A1EF-7A8164E8F7F6}.Release|Any CPU.ActiveCfg = Release|Any CPU
		{C225477C-F24E-4D22-A1EF-7A8164E8F7F6}.Release|Any CPU.Build.0 = Release|Any CPU
		{338EAA23-9752-4E8F-BBF4-F7B20BC382DD}.Debug|Any CPU.ActiveCfg = Debug|Any CPU
		{338EAA23-9752-4E8F-BBF4-F7B20BC382DD}.Debug|Any CPU.Build.0 = Debug|Any CPU
		{338EAA23-9752-4E8F-BBF4-F7B20BC382DD}.Release|Any CPU.ActiveCfg = Release|Any CPU
		{338EAA23-9752-4E8F-BBF4-F7B20BC382DD}.Release|Any CPU.Build.0 = Release|Any CPU
	EndGlobalSection
	GlobalSection(SolutionProperties) = preSolution
		HideSolutionNode = FALSE
	EndGlobalSection
	GlobalSection(ExtensibilityGlobals) = postSolution
		SolutionGuid = {DC737384-83C1-41E3-BE3C-649D8D301B5D}
	EndGlobalSection
EndGlobal
